{
    "_readme": [
        "This file locks the dependencies of your project to a known state",
        "Read more about it at http://getcomposer.org/doc/01-basic-usage.md#composer-lock-the-lock-file",
        "This file is @generated automatically"
    ],
    "hash": "8722549aafa63ec5c04a9ea8a0c57d78",
    "packages": [
        {
            "name": "solaris/php-dmarc",
            "version": "v1.0.2",
            "source": {
                "type": "git",
                "url": "https://github.com/solarissmoke/php-dmarc.git",
                "reference": "6537ba6bbb0742a478c8eb32431647a9178ffed3"
            },
            "dist": {
                "type": "zip",
                "url": "https://api.github.com/repos/solarissmoke/php-dmarc/zipball/6537ba6bbb0742a478c8eb32431647a9178ffed3",
                "reference": "6537ba6bbb0742a478c8eb32431647a9178ffed3",
                "shasum": ""
            },
            "require": {
                "php": ">=5.3.0"
            },
            "type": "library",
            "autoload": {
                "psr-0": {
                    "Solaris": ""
                }
            },
            "notification-url": "https://packagist.org/downloads/",
            "license": [
                "MIT"
            ],
            "authors": [
                {
                    "name": "Samir Shah",
                    "email": "samir@rayofsolaris.net"
                }
            ],
            "description": "A simple DMARC report parser for PHP.",
            "homepage": "http://www.github.com/solarissmoke/php-dmarc",
            "keywords": [
                "dmarc",
                "php"
            ],
            "time": "2015-05-14 04:19:59"
        }
    ],
    "packages-dev": [

    ],
    "aliases": [

    ],
    "minimum-stability": "stable",
    "stability-flags": [

    ],
    "prefer-stable": false,
    "platform": {
        "php": ">=5.5.0"
    },
    "platform-dev": [

    ]
}
